
Microsoft Visual Studio Solution File, Format Version 12.00
# Visual Studio Version 16
VisualStudioVersion = 16.0.30611.23
MinimumVisualStudioVersion = 10.0.40219.1
Project("{FAE04EC0-301F-11D3-BF4B-00C04F79EFBC}") = "ConsoleApp2", "ConsoleApp2.csproj", "{D1FC13F6-DFB1-4EA0-AC55-125D186D9CDB}"
EndProject
Project("{FAE04EC0-301F-11D3-BF4B-00C04F79EFBC}") = "Logica", "..\Logica\Logica.csproj", "{4F3F81AF-2D9F-4A0F-B0D1-1A66089BA072}"
EndProject
Global
	GlobalSection(SolutionConfigurationPlatforms) = preSolution
		Debug|Any CPU = Debug|Any CPU
		Release|Any CPU = Release|Any CPU
	EndGlobalSection
	GlobalSection(ProjectConfigurationPlatforms) = postSolution
		{D1FC13F6-DFB1-4EA0-AC55-125D186D9CDB}.Debug|Any CPU.ActiveCfg = Debug|Any CPU
		{D1FC13F6-DFB1-4EA0-AC55-125D186D9CDB}.Debug|Any CPU.Build.0 = Debug|Any CPU
		{D1FC13F6-DFB1-4EA0-AC55-125D186D9CDB}.Release|Any CPU.ActiveCfg = Release|Any CPU
		{D1FC13F6-DFB1-4EA0-AC55-125D186D9CDB}.Release|Any CPU.Build.0 = Release|Any CPU
		{4F3F81AF-2D9F-4A0F-B0D1-1A66089BA072}.Debug|Any CPU.ActiveCfg = Debug|Any CPU
		{4F3F81AF-2D9F-4A0F-B0D1-1A66089BA072}.Debug|Any CPU.Build.0 = Debug|Any CPU
		{4F3F81AF-2D9F-4A0F-B0D1-1A66089BA072}.Release|Any CPU.ActiveCfg = Release|Any CPU
		{4F3F81AF-2D9F-4A0F-B0D1-1A66089BA072}.Release|Any CPU.Build.0 = Release|Any CPU
	EndGlobalSection
	GlobalSection(SolutionProperties) = preSolution
		HideSolutionNode = FALSE
	EndGlobalSection
	GlobalSection(ExtensibilityGlobals) = postSolution
		SolutionGuid = {1EAA3BC5-8D56-4244-AD45-82053EEAF283}
	EndGlobalSection
EndGlobal
